
Microsoft Visual Studio Solution File, Format Version 12.00
# Visual Studio Version 17
VisualStudioVersion = 17.9.34616.47
MinimumVisualStudioVersion = 10.0.40219.1
Project("{FAE04EC0-301F-11D3-BF4B-00C04F79EFBC}") = "tpmod8_1302223148", "tp_mod8\tpmod8_1302223148.csproj", "{2A8CA131-408D-4B8F-A97E-7C57CE4CAECF}"
EndProject
Global
	GlobalSection(SolutionConfigurationPlatforms) = preSolution
		Debug|Any CPU = Debug|Any CPU
		Release|Any CPU = Release|Any CPU
	EndGlobalSection
	GlobalSection(ProjectConfigurationPlatforms) = postSolution
		{2A8CA131-408D-4B8F-A97E-7C57CE4CAECF}.Debug|Any CPU.ActiveCfg = Debug|Any CPU
		{2A8CA131-408D-4B8F-A97E-7C57CE4CAECF}.Debug|Any CPU.Build.0 = Debug|Any CPU
		{2A8CA131-408D-4B8F-A97E-7C57CE4CAECF}.Release|Any CPU.ActiveCfg = Release|Any CPU
		{2A8CA131-408D-4B8F-A97E-7C57CE4CAECF}.Release|Any CPU.Build.0 = Release|Any CPU
	EndGlobalSection
	GlobalSection(SolutionProperties) = preSolution
		HideSolutionNode = FALSE
	EndGlobalSection
	GlobalSection(ExtensibilityGlobals) = postSolution
		SolutionGuid = {7E48508A-72BC-494D-AFB0-52069FF0FC0D}
	EndGlobalSection
EndGlobal
